
Microsoft Visual Studio Solution File, Format Version 12.00
# Visual Studio Version 16
VisualStudioVersion = 16.0.30523.141
MinimumVisualStudioVersion = 10.0.40219.1
Project("{FAE04EC0-301F-11D3-BF4B-00C04F79EFBC}") = "Question 1", "Question 1\Question 1.csproj", "{EA48D932-726F-46B2-9DB6-00584DFF76C7}"
EndProject
Global
	GlobalSection(SolutionConfigurationPlatforms) = preSolution
		Debug|Any CPU = Debug|Any CPU
		Release|Any CPU = Release|Any CPU
	EndGlobalSection
	GlobalSection(ProjectConfigurationPlatforms) = postSolution
		{EA48D932-726F-46B2-9DB6-00584DFF76C7}.Debug|Any CPU.ActiveCfg = Debug|Any CPU
		{EA48D932-726F-46B2-9DB6-00584DFF76C7}.Debug|Any CPU.Build.0 = Debug|Any CPU
		{EA48D932-726F-46B2-9DB6-00584DFF76C7}.Release|Any CPU.ActiveCfg = Release|Any CPU
		{EA48D932-726F-46B2-9DB6-00584DFF76C7}.Release|Any CPU.Build.0 = Release|Any CPU
	EndGlobalSection
	GlobalSection(SolutionProperties) = preSolution
		HideSolutionNode = FALSE
	EndGlobalSection
	GlobalSection(ExtensibilityGlobals) = postSolution
		SolutionGuid = {50E86393-03C6-4F4D-AE7A-DF3C99315F66}
	EndGlobalSection
EndGlobal
