
Microsoft Visual Studio Solution File, Format Version 12.00
# Visual Studio Version 16
VisualStudioVersion = 16.0.30523.141
MinimumVisualStudioVersion = 10.0.40219.1
Project("{FAE04EC0-301F-11D3-BF4B-00C04F79EFBC}") = "lab6", "lab6\lab6.csproj", "{0032ACBD-1021-4A00-81C6-DFCA2183DF5E}"
EndProject
Global
	GlobalSection(SolutionConfigurationPlatforms) = preSolution
		Debug|Any CPU = Debug|Any CPU
		Release|Any CPU = Release|Any CPU
	EndGlobalSection
	GlobalSection(ProjectConfigurationPlatforms) = postSolution
		{0032ACBD-1021-4A00-81C6-DFCA2183DF5E}.Debug|Any CPU.ActiveCfg = Debug|Any CPU
		{0032ACBD-1021-4A00-81C6-DFCA2183DF5E}.Debug|Any CPU.Build.0 = Debug|Any CPU
		{0032ACBD-1021-4A00-81C6-DFCA2183DF5E}.Release|Any CPU.ActiveCfg = Release|Any CPU
		{0032ACBD-1021-4A00-81C6-DFCA2183DF5E}.Release|Any CPU.Build.0 = Release|Any CPU
	EndGlobalSection
	GlobalSection(SolutionProperties) = preSolution
		HideSolutionNode = FALSE
	EndGlobalSection
	GlobalSection(ExtensibilityGlobals) = postSolution
		SolutionGuid = {3C72CD61-36FD-4E39-AD54-5DFE24B6C9EF}
	EndGlobalSection
EndGlobal
