
Microsoft Visual Studio Solution File, Format Version 12.00
# Visual Studio Version 16
VisualStudioVersion = 16.0.30523.141
MinimumVisualStudioVersion = 10.0.40219.1
Project("{FAE04EC0-301F-11D3-BF4B-00C04F79EFBC}") = "Question 3", "Question 3\Question 3.csproj", "{B6E46D44-8342-4041-B2E4-BC1428DD297D}"
EndProject
Global
	GlobalSection(SolutionConfigurationPlatforms) = preSolution
		Debug|Any CPU = Debug|Any CPU
		Release|Any CPU = Release|Any CPU
	EndGlobalSection
	GlobalSection(ProjectConfigurationPlatforms) = postSolution
		{B6E46D44-8342-4041-B2E4-BC1428DD297D}.Debug|Any CPU.ActiveCfg = Debug|Any CPU
		{B6E46D44-8342-4041-B2E4-BC1428DD297D}.Debug|Any CPU.Build.0 = Debug|Any CPU
		{B6E46D44-8342-4041-B2E4-BC1428DD297D}.Release|Any CPU.ActiveCfg = Release|Any CPU
		{B6E46D44-8342-4041-B2E4-BC1428DD297D}.Release|Any CPU.Build.0 = Release|Any CPU
	EndGlobalSection
	GlobalSection(SolutionProperties) = preSolution
		HideSolutionNode = FALSE
	EndGlobalSection
	GlobalSection(ExtensibilityGlobals) = postSolution
		SolutionGuid = {117E8B5E-F64E-44EB-B0A4-C9ADF3469C8C}
	EndGlobalSection
EndGlobal
